
Microsoft Visual Studio Solution File, Format Version 12.00
# Visual Studio Version 17
VisualStudioVersion = 17.14.37111.16 d17.14
MinimumVisualStudioVersion = 10.0.40219.1
Project("{FAE04EC0-301F-11D3-BF4B-00C04F79EFBC}") = "WebAPIegitimi", "WebAPIegitimi\WebAPIegitimi.csproj", "{C2BCD88D-9C37-47A3-A4CF-C80F30B05BEE}"
EndProject
Global
	GlobalSection(SolutionConfigurationPlatforms) = preSolution
		Debug|Any CPU = Debug|Any CPU
		Release|Any CPU = Release|Any CPU
	EndGlobalSection
	GlobalSection(ProjectConfigurationPlatforms) = postSolution
		{C2BCD88D-9C37-47A3-A4CF-C80F30B05BEE}.Debug|Any CPU.ActiveCfg = Debug|Any CPU
		{C2BCD88D-9C37-47A3-A4CF-C80F30B05BEE}.Debug|Any CPU.Build.0 = Debug|Any CPU
		{C2BCD88D-9C37-47A3-A4CF-C80F30B05BEE}.Release|Any CPU.ActiveCfg = Release|Any CPU
		{C2BCD88D-9C37-47A3-A4CF-C80F30B05BEE}.Release|Any CPU.Build.0 = Release|Any CPU
	EndGlobalSection
	GlobalSection(SolutionProperties) = preSolution
		HideSolutionNode = FALSE
	EndGlobalSection
	GlobalSection(ExtensibilityGlobals) = postSolution
		SolutionGuid = {CA1382C3-4036-4CE0-B9C5-5A7AB1CC95B8}
	EndGlobalSection
EndGlobal
