
Microsoft Visual Studio Solution File, Format Version 12.00
# Visual Studio Version 17
VisualStudioVersion = 17.5.33424.131
MinimumVisualStudioVersion = 10.0.40219.1
Project("{FAE04EC0-301F-11D3-BF4B-00C04F79EFBC}") = "proje_bufe_satis", "proje_bufe_satis\proje_bufe_satis.csproj", "{7022B218-5550-4B0D-9E8B-19C05A017D2A}"
EndProject
Global
	GlobalSection(SolutionConfigurationPlatforms) = preSolution
		Debug|Any CPU = Debug|Any CPU
		Release|Any CPU = Release|Any CPU
	EndGlobalSection
	GlobalSection(ProjectConfigurationPlatforms) = postSolution
		{7022B218-5550-4B0D-9E8B-19C05A017D2A}.Debug|Any CPU.ActiveCfg = Debug|Any CPU
		{7022B218-5550-4B0D-9E8B-19C05A017D2A}.Debug|Any CPU.Build.0 = Debug|Any CPU
		{7022B218-5550-4B0D-9E8B-19C05A017D2A}.Release|Any CPU.ActiveCfg = Release|Any CPU
		{7022B218-5550-4B0D-9E8B-19C05A017D2A}.Release|Any CPU.Build.0 = Release|Any CPU
	EndGlobalSection
	GlobalSection(SolutionProperties) = preSolution
		HideSolutionNode = FALSE
	EndGlobalSection
	GlobalSection(ExtensibilityGlobals) = postSolution
		SolutionGuid = {2EDBC109-E911-45A9-B389-D37827C8DFD4}
	EndGlobalSection
EndGlobal
